
Microsoft Visual Studio Solution File, Format Version 12.00
# Visual Studio 15
VisualStudioVersion = 15.0.28307.539
MinimumVisualStudioVersion = 10.0.40219.1
Project("{9A19103F-16F7-4668-BE54-9A1E7A4F7556}") = "TrabalhoFinal", "TrabalhoFinal.csproj", "{28531DE8-946C-457A-BDB7-300B6A7CAEDA}"
EndProject
Global
	GlobalSection(SolutionConfigurationPlatforms) = preSolution
		Debug|Any CPU = Debug|Any CPU
		Release|Any CPU = Release|Any CPU
	EndGlobalSection
	GlobalSection(ProjectConfigurationPlatforms) = postSolution
		{28531DE8-946C-457A-BDB7-300B6A7CAEDA}.Debug|Any CPU.ActiveCfg = Debug|Any CPU
		{28531DE8-946C-457A-BDB7-300B6A7CAEDA}.Debug|Any CPU.Build.0 = Debug|Any CPU
		{28531DE8-946C-457A-BDB7-300B6A7CAEDA}.Release|Any CPU.ActiveCfg = Release|Any CPU
		{28531DE8-946C-457A-BDB7-300B6A7CAEDA}.Release|Any CPU.Build.0 = Release|Any CPU
	EndGlobalSection
	GlobalSection(SolutionProperties) = preSolution
		HideSolutionNode = FALSE
	EndGlobalSection
	GlobalSection(ExtensibilityGlobals) = postSolution
		SolutionGuid = {37572414-670E-422C-A534-63BE8CC987F8}
	EndGlobalSection
EndGlobal
